{
    "_readme": [
        "This file locks the dependencies of your project to a known state",
        "Read more about it at https://getcomposer.org/doc/01-basic-usage.md#installing-dependencies",
        "This file is @generated automatically"
    ],
    "content-hash": "9dc9ca1a4621450593f7cf9203a50bec",
    "packages": [
        {
            "name": "victorwesterlund/libmysqldriver",
            "version": "3.0.0",
            "source": {
                "type": "git",
                "url": "https://github.com/VictorWesterlund/php-libmysqldriver.git",
                "reference": "84efec8938f1d88bafa3981714b46a0608b547a9"
            },
            "dist": {
                "type": "zip",
                "url": "https://api.github.com/repos/VictorWesterlund/php-libmysqldriver/zipball/84efec8938f1d88bafa3981714b46a0608b547a9",
                "reference": "84efec8938f1d88bafa3981714b46a0608b547a9",
                "shasum": ""
            },
            "type": "library",
            "autoload": {
                "psr-4": {
                    "libmysqldriver\\": "src/"
                }
            },
            "notification-url": "https://packagist.org/downloads/",
            "license": [
                "GPL-3.0-only"
            ],
            "authors": [
                {
                    "name": "Victor Westerlund",
                    "email": "victor.vesterlund@gmail.com"
                }
            ],
            "description": "Abstraction library for common mysqli features",
            "support": {
                "issues": "https://github.com/VictorWesterlund/php-libmysqldriver/issues",
                "source": "https://github.com/VictorWesterlund/php-libmysqldriver/tree/3.0.0"
            },
            "time": "2023-10-26T13:00:04+00:00"
        },
        {
            "name": "victorwesterlund/libsqlitedriver",
            "version": "1.1.0",
            "source": {
                "type": "git",
                "url": "https://github.com/VictorWesterlund/php-libsqlitedriver.git",
                "reference": "302d0cbad060176de114181a63a3a6d98d05fc26"
            },
            "dist": {
                "type": "zip",
                "url": "https://api.github.com/repos/VictorWesterlund/php-libsqlitedriver/zipball/302d0cbad060176de114181a63a3a6d98d05fc26",
                "reference": "302d0cbad060176de114181a63a3a6d98d05fc26",
                "shasum": ""
            },
            "type": "library",
            "autoload": {
                "psr-4": {
                    "libsqlitedriver\\": "src/"
                }
            },
            "notification-url": "https://packagist.org/downloads/",
            "license": [
                "GPL-3.0-only"
            ],
            "authors": [
                {
                    "name": "Victor Westerlund",
                    "email": "victor.vesterlund@gmail.com"
                }
            ],
            "description": "Abstraction library for common SQLite features",
            "support": {
                "issues": "https://github.com/VictorWesterlund/php-libsqlitedriver/issues",
                "source": "https://github.com/VictorWesterlund/php-libsqlitedriver/tree/1.1.0"
            },
            "time": "2023-05-30T10:55:56+00:00"
        },
        {
            "name": "victorwesterlund/xenum",
            "version": "1.1.0",
            "source": {
                "type": "git",
                "url": "https://github.com/VictorWesterlund/php-xenum.git",
                "reference": "99b784841ee5b69fdfcc4c466ef54f3af4ea4a85"
            },
            "dist": {
                "type": "zip",
                "url": "https://api.github.com/repos/VictorWesterlund/php-xenum/zipball/99b784841ee5b69fdfcc4c466ef54f3af4ea4a85",
                "reference": "99b784841ee5b69fdfcc4c466ef54f3af4ea4a85",
                "shasum": ""
            },
            "type": "library",
            "autoload": {
                "psr-4": {
                    "victorwesterlund\\": "src/"
                }
            },
            "notification-url": "https://packagist.org/downloads/",
            "license": [
                "GPL-3.0-only"
            ],
            "authors": [
                {
                    "name": "Victor Westerlund",
                    "email": "victor.vesterlund@gmail.com"
                }
            ],
            "description": "PHP eXtended Enums. The missing quality-of-life features from PHP 8+ Enums",
            "support": {
                "issues": "https://github.com/VictorWesterlund/php-xenum/issues",
                "source": "https://github.com/VictorWesterlund/php-xenum/tree/1.1.0"
            },
            "time": "2023-10-09T11:32:07+00:00"
        }
    ],
    "packages-dev": [],
    "aliases": [],
    "minimum-stability": "stable",
    "stability-flags": [],
    "prefer-stable": false,
    "prefer-lowest": false,
    "platform": [],
    "platform-dev": [],
    "plugin-api-version": "2.0.0"
}
