{
    "_readme": [
        "This file locks the dependencies of your project to a known state",
        "Read more about it at https://getcomposer.org/doc/01-basic-usage.md#installing-dependencies",
        "This file is @generated automatically"
    ],
    "content-hash": "cb1c14d96df2fb8f63e96519ca2ec241",
    "packages": [
        {
            "name": "reflect/plugin-rules",
            "version": "1.0.2",
            "source": {
                "type": "git",
                "url": "https://github.com/VictorWesterlund/reflect-rules-plugin.git",
                "reference": "d14d4bca6af3600e73fd9709a2aad4652dc0e553"
            },
            "dist": {
                "type": "zip",
                "url": "https://api.github.com/repos/VictorWesterlund/reflect-rules-plugin/zipball/d14d4bca6af3600e73fd9709a2aad4652dc0e553",
                "reference": "d14d4bca6af3600e73fd9709a2aad4652dc0e553",
                "shasum": ""
            },
            "require": {
                "victorwesterlund/xenum": "^1.1"
            },
            "type": "library",
            "autoload": {
                "psr-4": {
                    "ReflectRules\\": "src/"
                }
            },
            "notification-url": "https://packagist.org/downloads/",
            "license": [
                "GPL-3.0-only"
            ],
            "authors": [
                {
                    "name": "Victor Westerlund",
                    "email": "victor.vesterlund@gmail.com"
                }
            ],
            "description": "Add request search paramter and request body constraints to an API built with Reflect",
            "support": {
                "issues": "https://github.com/VictorWesterlund/reflect-rules-plugin/issues",
                "source": "https://github.com/VictorWesterlund/reflect-rules-plugin/tree/1.0.2"
            },
            "time": "2023-11-20T10:31:26+00:00"
        },
        {
            "name": "victorwesterlund/libmysqldriver",
            "version": "3.1.3",
            "source": {
                "type": "git",
                "url": "https://github.com/VictorWesterlund/php-libmysqldriver.git",
                "reference": "d9f450112ed393c122c92bac8462641f32406af1"
            },
            "dist": {
                "type": "zip",
                "url": "https://api.github.com/repos/VictorWesterlund/php-libmysqldriver/zipball/d9f450112ed393c122c92bac8462641f32406af1",
                "reference": "d9f450112ed393c122c92bac8462641f32406af1",
                "shasum": ""
            },
            "type": "library",
            "autoload": {
                "psr-4": {
                    "libmysqldriver\\": "src/"
                }
            },
            "notification-url": "https://packagist.org/downloads/",
            "license": [
                "GPL-3.0-only"
            ],
            "authors": [
                {
                    "name": "Victor Westerlund",
                    "email": "victor.vesterlund@gmail.com"
                }
            ],
            "description": "Abstraction library for common mysqli features",
            "support": {
                "issues": "https://github.com/VictorWesterlund/php-libmysqldriver/issues",
                "source": "https://github.com/VictorWesterlund/php-libmysqldriver/tree/3.1.3"
            },
            "time": "2023-11-03T12:40:54+00:00"
        },
        {
            "name": "victorwesterlund/libsqlitedriver",
            "version": "1.1.0",
            "source": {
                "type": "git",
                "url": "https://github.com/VictorWesterlund/php-libsqlitedriver.git",
                "reference": "302d0cbad060176de114181a63a3a6d98d05fc26"
            },
            "dist": {
                "type": "zip",
                "url": "https://api.github.com/repos/VictorWesterlund/php-libsqlitedriver/zipball/302d0cbad060176de114181a63a3a6d98d05fc26",
                "reference": "302d0cbad060176de114181a63a3a6d98d05fc26",
                "shasum": ""
            },
            "type": "library",
            "autoload": {
                "psr-4": {
                    "libsqlitedriver\\": "src/"
                }
            },
            "notification-url": "https://packagist.org/downloads/",
            "license": [
                "GPL-3.0-only"
            ],
            "authors": [
                {
                    "name": "Victor Westerlund",
                    "email": "victor.vesterlund@gmail.com"
                }
            ],
            "description": "Abstraction library for common SQLite features",
            "support": {
                "issues": "https://github.com/VictorWesterlund/php-libsqlitedriver/issues",
                "source": "https://github.com/VictorWesterlund/php-libsqlitedriver/tree/1.1.0"
            },
            "time": "2023-05-30T10:55:56+00:00"
        },
        {
            "name": "victorwesterlund/xenum",
            "version": "1.1.0",
            "source": {
                "type": "git",
                "url": "https://github.com/VictorWesterlund/php-xenum.git",
                "reference": "99b784841ee5b69fdfcc4c466ef54f3af4ea4a85"
            },
            "dist": {
                "type": "zip",
                "url": "https://api.github.com/repos/VictorWesterlund/php-xenum/zipball/99b784841ee5b69fdfcc4c466ef54f3af4ea4a85",
                "reference": "99b784841ee5b69fdfcc4c466ef54f3af4ea4a85",
                "shasum": ""
            },
            "type": "library",
            "autoload": {
                "psr-4": {
                    "victorwesterlund\\": "src/"
                }
            },
            "notification-url": "https://packagist.org/downloads/",
            "license": [
                "GPL-3.0-only"
            ],
            "authors": [
                {
                    "name": "Victor Westerlund",
                    "email": "victor.vesterlund@gmail.com"
                }
            ],
            "description": "PHP eXtended Enums. The missing quality-of-life features from PHP 8+ Enums",
            "support": {
                "issues": "https://github.com/VictorWesterlund/php-xenum/issues",
                "source": "https://github.com/VictorWesterlund/php-xenum/tree/1.1.0"
            },
            "time": "2023-10-09T11:32:07+00:00"
        }
    ],
    "packages-dev": [],
    "aliases": [],
    "minimum-stability": "stable",
    "stability-flags": [],
    "prefer-stable": false,
    "prefer-lowest": false,
    "platform": [],
    "platform-dev": [],
    "plugin-api-version": "2.0.0"
}
